<?xml version="1.0" encoding="utf-8"?>
<Project ToolsVersion="4.0" xmlns="http://schemas.microsoft.com/developer/msbuild/2003">
  <ItemGroup>
    <Filter Include="Inc">
      <UniqueIdentifier>{e0621706-1a69-4525-b17e-a3e051996b64}</UniqueIdentifier>
    </Filter>
    <Filter Include="Src">
      <UniqueIdentifier>{c1a14686-45d9-4f9d-a92b-608ae470ca0f}</UniqueIdentifier>
    </Filter>
    <Filter Include="Inc\Service">
      <UniqueIdentifier>{7e9ee70f-1a81-4546-ba19-5b9fcc87647b}</UniqueIdentifier>
    </Filter>
    <Filter Include="Inc\Component">
      <UniqueIdentifier>{05ccd509-df3b-4c38-9c79-dc8d021d92bc}</UniqueIdentifier>
    </Filter>
    <Filter Include="Src\Component">
      <UniqueIdentifier>{99be86b1-b83a-4917-92fc-3207bcc01588}</UniqueIdentifier>
    </Filter>
    <Filter Include="Src\Service">
      <UniqueIdentifier>{a2fd921d-a8ce-4dac-86fb-7880b1720726}</UniqueIdentifier>
    </Filter>
  </ItemGroup>
  <ItemGroup>
    <ClInclude Include="Inc\Common.h">
      <Filter>Inc</Filter>
    </ClInclude>
    <ClInclude Include="Inc\CultyEngine.h">
      <Filter>Inc</Filter>
    </ClInclude>
    <ClInclude Include="Src\Precompiled.h">
      <Filter>Src</Filter>
    </ClInclude>
    <ClInclude Include="Inc\Application.h">
      <Filter>Inc</Filter>
    </ClInclude>
    <ClInclude Include="Inc\ApplicationState.h">
      <Filter>Inc</Filter>
    </ClInclude>
    <ClInclude Include="Inc\Event.h">
      <Filter>Inc</Filter>
    </ClInclude>
    <ClInclude Include="Inc\EventManager.h">
      <Filter>Inc</Filter>
    </ClInclude>
    <ClInclude Include="Inc\GameObject.h">
      <Filter>Inc</Filter>
    </ClInclude>
    <ClInclude Include="Inc\TypeID.h">
      <Filter>Inc</Filter>
    </ClInclude>
    <ClInclude Include="Inc\GameWorld.h">
      <Filter>Inc</Filter>
    </ClInclude>
    <ClInclude Include="Inc\GameObjectFactory.h">
      <Filter>Inc</Filter>
    </ClInclude>
    <ClInclude Include="Inc\SaveUtil.h">
      <Filter>Inc</Filter>
    </ClInclude>
    <ClInclude Include="Inc\Component.h">
      <Filter>Inc\Component</Filter>
    </ClInclude>
    <ClInclude Include="Inc\ComponentCamera.h">
      <Filter>Inc\Component</Filter>
    </ClInclude>
    <ClInclude Include="Inc\ComponentCameraFPS.h">
      <Filter>Inc\Component</Filter>
    </ClInclude>
    <ClInclude Include="Inc\ComponentMesh.h">
      <Filter>Inc\Component</Filter>
    </ClInclude>
    <ClInclude Include="Inc\ComponentRenderObject.h">
      <Filter>Inc\Component</Filter>
    </ClInclude>
    <ClInclude Include="Inc\ComponentTransform.h">
      <Filter>Inc\Component</Filter>
    </ClInclude>
    <ClInclude Include="Inc\Service.h">
      <Filter>Inc\Service</Filter>
    </ClInclude>
    <ClInclude Include="Inc\ServiceCamera.h">
      <Filter>Inc\Service</Filter>
    </ClInclude>
    <ClInclude Include="Inc\ServiceRender.h">
      <Filter>Inc\Service</Filter>
    </ClInclude>
  </ItemGroup>
  <ItemGroup>
    <ClCompile Include="Src\Precompiled.cpp">
      <Filter>Src</Filter>
    </ClCompile>
    <ClCompile Include="Src\Application.cpp">
      <Filter>Src</Filter>
    </ClCompile>
    <ClCompile Include="Src\CultyEngine.cpp">
      <Filter>Src</Filter>
    </ClCompile>
    <ClCompile Include="Src\EventManager.cpp">
      <Filter>Src</Filter>
    </ClCompile>
    <ClCompile Include="Src\GameObject.cpp">
      <Filter>Src</Filter>
    </ClCompile>
    <ClCompile Include="Src\GameWorld.cpp">
      <Filter>Src</Filter>
    </ClCompile>
    <ClCompile Include="Src\GameObjectFactory.cpp">
      <Filter>Src</Filter>
    </ClCompile>
    <ClCompile Include="Src\SaveUtil.cpp">
      <Filter>Src</Filter>
    </ClCompile>
    <ClCompile Include="Src\ComponentCamera.cpp">
      <Filter>Src\Component</Filter>
    </ClCompile>
    <ClCompile Include="Src\ComponentCameraFPS.cpp">
      <Filter>Src\Component</Filter>
    </ClCompile>
    <ClCompile Include="Src\ComponentMesh.cpp">
      <Filter>Src\Component</Filter>
    </ClCompile>
    <ClCompile Include="Src\ComponentRenderObject.cpp">
      <Filter>Src\Component</Filter>
    </ClCompile>
    <ClCompile Include="Src\ComponentTransform.cpp">
      <Filter>Src\Component</Filter>
    </ClCompile>
    <ClCompile Include="Src\ServiceCamera.cpp">
      <Filter>Src\Service</Filter>
    </ClCompile>
    <ClCompile Include="Src\ServiceRender.cpp">
      <Filter>Src\Service</Filter>
    </ClCompile>
  </ItemGroup>
</Project>